
Microsoft Visual Studio Solution File, Format Version 12.00
# Visual Studio Version 16
VisualStudioVersion = 16.0.29806.167
MinimumVisualStudioVersion = 10.0.40219.1
Project("{FAE04EC0-301F-11D3-BF4B-00C04F79EFBC}") = "ColourfulFlashPoints", "ColourfulFlashPoints\ColourfulFlashPoints.csproj", "{3368B25C-253E-40A0-BC05-B7662109B0FB}"
EndProject
Global
	GlobalSection(SolutionConfigurationPlatforms) = preSolution
		Debug|Any CPU = Debug|Any CPU
		Release|Any CPU = Release|Any CPU
	EndGlobalSection
	GlobalSection(ProjectConfigurationPlatforms) = postSolution
		{3368B25C-253E-40A0-BC05-B7662109B0FB}.Debug|Any CPU.ActiveCfg = Debug|Any CPU
		{3368B25C-253E-40A0-BC05-B7662109B0FB}.Debug|Any CPU.Build.0 = Debug|Any CPU
		{3368B25C-253E-40A0-BC05-B7662109B0FB}.Release|Any CPU.ActiveCfg = Release|Any CPU
		{3368B25C-253E-40A0-BC05-B7662109B0FB}.Release|Any CPU.Build.0 = Release|Any CPU
	EndGlobalSection
	GlobalSection(SolutionProperties) = preSolution
		HideSolutionNode = FALSE
	EndGlobalSection
	GlobalSection(ExtensibilityGlobals) = postSolution
		SolutionGuid = {069BABE8-806E-4837-AD81-6D373E17D42E}
	EndGlobalSection
EndGlobal
